
Microsoft Visual Studio Solution File, Format Version 12.00
# Visual Studio Version 17
VisualStudioVersion = 17.8.34511.84
MinimumVisualStudioVersion = 10.0.40219.1
Project("{FAE04EC0-301F-11D3-BF4B-00C04F79EFBC}") = "QNo2b", "QNo2b\QNo2b.csproj", "{480F576A-E86D-4401-B69D-55AA551DD844}"
EndProject
Global
	GlobalSection(SolutionConfigurationPlatforms) = preSolution
		Debug|Any CPU = Debug|Any CPU
		Release|Any CPU = Release|Any CPU
	EndGlobalSection
	GlobalSection(ProjectConfigurationPlatforms) = postSolution
		{480F576A-E86D-4401-B69D-55AA551DD844}.Debug|Any CPU.ActiveCfg = Debug|Any CPU
		{480F576A-E86D-4401-B69D-55AA551DD844}.Debug|Any CPU.Build.0 = Debug|Any CPU
		{480F576A-E86D-4401-B69D-55AA551DD844}.Release|Any CPU.ActiveCfg = Release|Any CPU
		{480F576A-E86D-4401-B69D-55AA551DD844}.Release|Any CPU.Build.0 = Release|Any CPU
	EndGlobalSection
	GlobalSection(SolutionProperties) = preSolution
		HideSolutionNode = FALSE
	EndGlobalSection
	GlobalSection(ExtensibilityGlobals) = postSolution
		SolutionGuid = {D664C7A7-AE90-4CF9-8586-F7CCA089EBDE}
	EndGlobalSection
EndGlobal
